// !$*UTF8*$!
{
	archiveVersion = 1;
	classes = {
	};
	objectVersion = 60;
	objects = {

/* Begin PBXBuildFile section */
		6F4C49602C69EC1300399196 /* AppDelegate.swift in Sources */ = {isa = PBXBuildFile; fileRef = 6F4C495F2C69EC1300399196 /* AppDelegate.swift */; };
		6F4C49622C69EC1300399196 /* SceneDelegate.swift in Sources */ = {isa = PBXBuildFile; fileRef = 6F4C49612C69EC1300399196 /* SceneDelegate.swift */; };
		6F4C49642C69EC1300399196 /* ViewController.swift in Sources */ = {isa = PBXBuildFile; fileRef = 6F4C49632C69EC1300399196 /* ViewController.swift */; };
		6F4C49672C69EC1300399196 /* Base in Resources */ = {isa = PBXBuildFile; fileRef = 6F4C49662C69EC1300399196 /* Base */; };
		6F4C49692C69EC1400399196 /* Assets.xcassets in Resources */ = {isa = PBXBuildFile; fileRef = 6F4C49682C69EC1400399196 /* Assets.xcassets */; };
		6F4C496C2C69EC1400399196 /* Base in Resources */ = {isa = PBXBuildFile; fileRef = 6F4C496B2C69EC1400399196 /* Base */; };
		6F4C49772C69EC1400399196 /* MidtermTestTests.swift in Sources */ = {isa = PBXBuildFile; fileRef = 6F4C49762C69EC1400399196 /* MidtermTestTests.swift */; };
		6F4C49812C69EC1400399196 /* MidtermTestUITests.swift in Sources */ = {isa = PBXBuildFile; fileRef = 6F4C49802C69EC1400399196 /* MidtermTestUITests.swift */; };
		6F4C49832C69EC1400399196 /* MidtermTestUITestsLaunchTests.swift in Sources */ = {isa = PBXBuildFile; fileRef = 6F4C49822C69EC1400399196 /* MidtermTestUITestsLaunchTests.swift */; };
/* End PBXBuildFile section */

/* Begin PBXContainerItemProxy section */
		6F4C49732C69EC1400399196 /* PBXContainerItemProxy */ = {
			isa = PBXContainerItemProxy;
			containerPortal = 6F4C49542C69EC1300399196 /* Project object */;
			proxyType = 1;
			remoteGlobalIDString = 6F4C495B2C69EC1300399196;
			remoteInfo = MidtermTest;
		};
		6F4C497D2C69EC1400399196 /* PBXContainerItemProxy */ = {
			isa = PBXContainerItemProxy;
			containerPortal = 6F4C49542C69EC1300399196 /* Project object */;
			proxyType = 1;
			remoteGlobalIDString = 6F4C495B2C69EC1300399196;
			remoteInfo = MidtermTest;
		};
/* End PBXContainerItemProxy section */

/* Begin PBXFileReference section */
		6F4C495C2C69EC1300399196 /* MidtermTest.app */ = {isa = PBXFileReference; explicitFileType = wrapper.application; includeInIndex = 0; path = MidtermTest.app; sourceTree = BUILT_PRODUCTS_DIR; };
		6F4C495F2C69EC1300399196 /* AppDelegate.swift */ = {isa = PBXFileReference; lastKnownFileType = sourcecode.swift; path = AppDelegate.swift; sourceTree = "<group>"; };
		6F4C49612C69EC1300399196 /* SceneDelegate.swift */ = {isa = PBXFileReference; lastKnownFileType = sourcecode.swift; path = SceneDelegate.swift; sourceTree = "<group>"; };
		6F4C49632C69EC1300399196 /* ViewController.swift */ = {isa = PBXFileReference; lastKnownFileType = sourcecode.swift; path = ViewController.swift; sourceTree = "<group>"; };
		6F4C49662C69EC1300399196 /* Base */ = {isa = PBXFileReference; lastKnownFileType = file.storyboard; name = Base; path = Base.lproj/Main.storyboard; sourceTree = "<group>"; };
		6F4C49682C69EC1400399196 /* Assets.xcassets */ = {isa = PBXFileReference; lastKnownFileType = folder.assetcatalog; path = Assets.xcassets; sourceTree = "<group>"; };
		6F4C496B2C69EC1400399196 /* Base */ = {isa = PBXFileReference; lastKnownFileType = file.storyboard; name = Base; path = Base.lproj/LaunchScreen.storyboard; sourceTree = "<group>"; };
		6F4C496D2C69EC1400399196 /* Info.plist */ = {isa = PBXFileReference; lastKnownFileType = text.plist.xml; path = Info.plist; sourceTree = "<group>"; };
		6F4C49722C69EC1400399196 /* MidtermTestTests.xctest */ = {isa = PBXFileReference; explicitFileType = wrapper.cfbundle; includeInIndex = 0; path = MidtermTestTests.xctest; sourceTree = BUILT_PRODUCTS_DIR; };
		6F4C49762C69EC1400399196 /* MidtermTestTests.swift */ = {isa = PBXFileReference; lastKnownFileType = sourcecode.swift; path = MidtermTestTests.swift; sourceTree = "<group>"; };
		6F4C497C2C69EC1400399196 /* MidtermTestUITests.xctest */ = {isa = PBXFileReference; explicitFileType = wrapper.cfbundle; includeInIndex = 0; path = MidtermTestUITests.xctest; sourceTree = BUILT_PRODUCTS_DIR; };
		6F4C49802C69EC1400399196 /* MidtermTestUITests.swift */ = {isa = PBXFileReference; lastKnownFileType = sourcecode.swift; path = MidtermTestUITests.swift; sourceTree = "<group>"; };
		6F4C49822C69EC1400399196 /* MidtermTestUITestsLaunchTests.swift */ = {isa = PBXFileReference; lastKnownFileType = sourcecode.swift; path = MidtermTestUITestsLaunchTests.swift; sourceTree = "<group>"; };
/* End PBXFileReference section */

/* Begin PBXFrameworksBuildPhase section */
		6F4C49592C69EC1300399196 /* Frameworks */ = {
			isa = PBXFrameworksBuildPhase;
			buildActionMask = 2147483647;
			files = (
			);
			runOnlyForDeploymentPostprocessing = 0;
		};
		6F4C496F2C69EC1400399196 /* Frameworks */ = {
			isa = PBXFrameworksBuildPhase;
			buildActionMask = 2147483647;
			files = (
			);
			runOnlyForDeploymentPostprocessing = 0;
		};
		6F4C49792C69EC1400399196 /* Frameworks */ = {
			isa = PBXFrameworksBuildPhase;
			buildActionMask = 2147483647;
			files = (
			);
			runOnlyForDeploymentPostprocessing = 0;
		};
/* End PBXFrameworksBuildPhase section */

/* Begin PBXGroup section */
		6F4C49532C69EC1300399196 = {
			isa = PBXGroup;
			children = (
				6F4C495E2C69EC1300399196 /* MidtermTest */,
				6F4C49752C69EC1400399196 /* MidtermTestTests */,
				6F4C497F2C69EC1400399196 /* MidtermTestUITests */,
				6F4C495D2C69EC1300399196 /* Products */,
			);
			sourceTree = "<group>";
		};
		6F4C495D2C69EC1300399196 /* Products */ = {
			isa = PBXGroup;
			children = (
				6F4C495C2C69EC1300399196 /* MidtermTest.app */,
				6F4C49722C69EC1400399196 /* MidtermTestTests.xctest */,
				6F4C497C2C69EC1400399196 /* MidtermTestUITests.xctest */,
			);
			name = Products;
			sourceTree = "<group>";
		};
		6F4C495E2C69EC1300399196 /* MidtermTest */ = {
			isa = PBXGroup;
			children = (
				6F4C495F2C69EC1300399196 /* AppDelegate.swift */,
				6F4C49612C69EC1300399196 /* SceneDelegate.swift */,
				6F4C49632C69EC1300399196 /* ViewController.swift */,
				6F4C49652C69EC1300399196 /* Main.storyboard */,
				6F4C49682C69EC1400399196 /* Assets.xcassets */,
				6F4C496A2C69EC1400399196 /* LaunchScreen.storyboard */,
				6F4C496D2C69EC1400399196 /* Info.plist */,
			);
			path = MidtermTest;
			sourceTree = "<group>";
		};
		6F4C49752C69EC1400399196 /* MidtermTestTests */ = {
			isa = PBXGroup;
			children = (
				6F4C49762C69EC1400399196 /* MidtermTestTests.swift */,
			);
			path = MidtermTestTests;
			sourceTree = "<group>";
		};
		6F4C497F2C69EC1400399196 /* MidtermTestUITests */ = {
			isa = PBXGroup;
			children = (
				6F4C49802C69EC1400399196 /* MidtermTestUITests.swift */,
				6F4C49822C69EC1400399196 /* MidtermTestUITestsLaunchTests.swift */,
			);
			path = MidtermTestUITests;
			sourceTree = "<group>";
		};
/* End PBXGroup section */

/* Begin PBXNativeTarget section */
		6F4C495B2C69EC1300399196 /* MidtermTest */ = {
			isa = PBXNativeTarget;
			buildConfigurationList = 6F4C49862C69EC1400399196 /* Build configuration list for PBXNativeTarget "MidtermTest" */;
			buildPhases = (
				6F4C49582C69EC1300399196 /* Sources */,
				6F4C49592C69EC1300399196 /* Frameworks */,
				6F4C495A2C69EC1300399196 /* Resources */,
			);
			buildRules = (
			);
			dependencies = (
			);
			name = MidtermTest;
			productName = MidtermTest;
			productReference = 6F4C495C2C69EC1300399196 /* MidtermTest.app */;
			productType = "com.apple.product-type.application";
		};
		6F4C49712C69EC1400399196 /* MidtermTestTests */ = {
			isa = PBXNativeTarget;
			buildConfigurationList = 6F4C49892C69EC1400399196 /* Build configuration list for PBXNativeTarget "MidtermTestTests" */;
			buildPhases = (
				6F4C496E2C69EC1400399196 /* Sources */,
				6F4C496F2C69EC1400399196 /* Frameworks */,
				6F4C49702C69EC1400399196 /* Resources */,
			);
			buildRules = (
			);
			dependencies = (
				6F4C49742C69EC1400399196 /* PBXTargetDependency */,
			);
			name = MidtermTestTests;
			productName = MidtermTestTests;
			productReference = 6F4C49722C69EC1400399196 /* MidtermTestTests.xctest */;
			productType = "com.apple.product-type.bundle.unit-test";
		};
		6F4C497B2C69EC1400399196 /* MidtermTestUITests */ = {
			isa = PBXNativeTarget;
			buildConfigurationList = 6F4C498C2C69EC1400399196 /* Build configuration list for PBXNativeTarget "MidtermTestUITests" */;
			buildPhases = (
				6F4C49782C69EC1400399196 /* Sources */,
				6F4C49792C69EC1400399196 /* Frameworks */,
				6F4C497A2C69EC1400399196 /* Resources */,
			);
			buildRules = (
			);
			dependencies = (
				6F4C497E2C69EC1400399196 /* PBXTargetDependency */,
			);
			name = MidtermTestUITests;
			productName = MidtermTestUITests;
			productReference = 6F4C497C2C69EC1400399196 /* MidtermTestUITests.xctest */;
			productType = "com.apple.product-type.bundle.ui-testing";
		};
/* End PBXNativeTarget section */

/* Begin PBXProject section */
		6F4C49542C69EC1300399196 /* Project object */ = {
			isa = PBXProject;
			attributes = {
				BuildIndependentTargetsInParallel = 1;
				LastSwiftUpdateCheck = 1600;
				LastUpgradeCheck = 1600;
				TargetAttributes = {
					6F4C495B2C69EC1300399196 = {
						CreatedOnToolsVersion = 16.0;
					};
					6F4C49712C69EC1400399196 = {
						CreatedOnToolsVersion = 16.0;
						TestTargetID = 6F4C495B2C69EC1300399196;
					};
					6F4C497B2C69EC1400399196 = {
						CreatedOnToolsVersion = 16.0;
						TestTargetID = 6F4C495B2C69EC1300399196;
					};
				};
			};
			buildConfigurationList = 6F4C49572C69EC1300399196 /* Build configuration list for PBXProject "MidtermTest" */;
			compatibilityVersion = "Xcode 15.0";
			developmentRegion = en;
			hasScannedForEncodings = 0;
			knownRegions = (
				en,
				Base,
			);
			mainGroup = 6F4C49532C69EC1300399196;
			productRefGroup = 6F4C495D2C69EC1300399196 /* Products */;
			projectDirPath = "";
			projectRoot = "";
			targets = (
				6F4C495B2C69EC1300399196 /* MidtermTest */,
				6F4C49712C69EC1400399196 /* MidtermTestTests */,
				6F4C497B2C69EC1400399196 /* MidtermTestUITests */,
			);
		};
/* End PBXProject section */

/* Begin PBXResourcesBuildPhase section */
		6F4C495A2C69EC1300399196 /* Resources */ = {
			isa = PBXResourcesBuildPhase;
			buildActionMask = 2147483647;
			files = (
				6F4C49692C69EC1400399196 /* Assets.xcassets in Resources */,
				6F4C496C2C69EC1400399196 /* Base in Resources */,
				6F4C49672C69EC1300399196 /* Base in Resources */,
			);
			runOnlyForDeploymentPostprocessing = 0;
		};
		6F4C49702C69EC1400399196 /* Resources */ = {
			isa = PBXResourcesBuildPhase;
			buildActionMask = 2147483647;
			files = (
			);
			runOnlyForDeploymentPostprocessing = 0;
		};
		6F4C497A2C69EC1400399196 /* Resources */ = {
			isa = PBXResourcesBuildPhase;
			buildActionMask = 2147483647;
			files = (
			);
			runOnlyForDeploymentPostprocessing = 0;
		};
/* End PBXResourcesBuildPhase section */

/* Begin PBXSourcesBuildPhase section */
		6F4C49582C69EC1300399196 /* Sources */ = {
			isa = PBXSourcesBuildPhase;
			buildActionMask = 2147483647;
			files = (
				6F4C49642C69EC1300399196 /* ViewController.swift in Sources */,
				6F4C49602C69EC1300399196 /* AppDelegate.swift in Sources */,
				6F4C49622C69EC1300399196 /* SceneDelegate.swift in Sources */,
			);
			runOnlyForDeploymentPostprocessing = 0;
		};
		6F4C496E2C69EC1400399196 /* Sources */ = {
			isa = PBXSourcesBuildPhase;
			buildActionMask = 2147483647;
			files = (
				6F4C49772C69EC1400399196 /* MidtermTestTests.swift in Sources */,
			);
			runOnlyForDeploymentPostprocessing = 0;
		};
		6F4C49782C69EC1400399196 /* Sources */ = {
			isa = PBXSourcesBuildPhase;
			buildActionMask = 2147483647;
			files = (
				6F4C49812C69EC1400399196 /* MidtermTestUITests.swift in Sources */,
				6F4C49832C69EC1400399196 /* MidtermTestUITestsLaunchTests.swift in Sources */,
			);
			runOnlyForDeploymentPostprocessing = 0;
		};
/* End PBXSourcesBuildPhase section */

/* Begin PBXTargetDependency section */
		6F4C49742C69EC1400399196 /* PBXTargetDependency */ = {
			isa = PBXTargetDependency;
			target = 6F4C495B2C69EC1300399196 /* MidtermTest */;
			targetProxy = 6F4C49732C69EC1400399196 /* PBXContainerItemProxy */;
		};
		6F4C497E2C69EC1400399196 /* PBXTargetDependency */ = {
			isa = PBXTargetDependency;
			target = 6F4C495B2C69EC1300399196 /* MidtermTest */;
			targetProxy = 6F4C497D2C69EC1400399196 /* PBXContainerItemProxy */;
		};
/* End PBXTargetDependency section */

/* Begin PBXVariantGroup section */
		6F4C49652C69EC1300399196 /* Main.storyboard */ = {
			isa = PBXVariantGroup;
			children = (
				6F4C49662C69EC1300399196 /* Base */,
			);
			name = Main.storyboard;
			sourceTree = "<group>";
		};
		6F4C496A2C69EC1400399196 /* LaunchScreen.storyboard */ = {
			isa = PBXVariantGroup;
			children = (
				6F4C496B2C69EC1400399196 /* Base */,
			);
			name = LaunchScreen.storyboard;
			sourceTree = "<group>";
		};
/* End PBXVariantGroup section */

/* Begin XCBuildConfiguration section */
		6F4C49842C69EC1400399196 /* Debug */ = {
			isa = XCBuildConfiguration;
			buildSettings = {
				ALWAYS_SEARCH_USER_PATHS = NO;
				ASSETCATALOG_COMPILER_GENERATE_SWIFT_ASSET_SYMBOL_EXTENSIONS = YES;
				CLANG_ANALYZER_NONNULL = YES;
				CLANG_ANALYZER_NUMBER_OBJECT_CONVERSION = YES_AGGRESSIVE;
				CLANG_CXX_LANGUAGE_STANDARD = "gnu++20";
				CLANG_ENABLE_MODULES = YES;
				CLANG_ENABLE_OBJC_ARC = YES;
				CLANG_ENABLE_OBJC_WEAK = YES;
				CLANG_WARN_BLOCK_CAPTURE_AUTORELEASING = YES;
				CLANG_WARN_BOOL_CONVERSION = YES;
				CLANG_WARN_COMMA = YES;
				CLANG_WARN_CONSTANT_CONVERSION = YES;
				CLANG_WARN_DEPRECATED_OBJC_IMPLEMENTATIONS = YES;
				CLANG_WARN_DIRECT_OBJC_ISA_USAGE = YES_ERROR;
				CLANG_WARN_DOCUMENTATION_COMMENTS = YES;
				CLANG_WARN_EMPTY_BODY = YES;
				CLANG_WARN_ENUM_CONVERSION = YES;
				CLANG_WARN_INFINITE_RECURSION = YES;
				CLANG_WARN_INT_CONVERSION = YES;
				CLANG_WARN_NON_LITERAL_NULL_CONVERSION = YES;
				CLANG_WARN_OBJC_IMPLICIT_RETAIN_SELF = YES;
				CLANG_WARN_OBJC_LITERAL_CONVERSION = YES;
				CLANG_WARN_OBJC_ROOT_CLASS = YES_ERROR;
				CLANG_WARN_QUOTED_INCLUDE_IN_FRAMEWORK_HEADER = YES;
				CLANG_WARN_RANGE_LOOP_ANALYSIS = YES;
				CLANG_WARN_STRICT_PROTOTYPES = YES;
				CLANG_WARN_SUSPICIOUS_MOVE = YES;
				CLANG_WARN_UNGUARDED_AVAILABILITY = YES_AGGRESSIVE;
				CLANG_WARN_UNREACHABLE_CODE = YES;
				CLANG_WARN__DUPLICATE_METHOD_MATCH = YES;
				COPY_PHASE_STRIP = NO;
				DEBUG_INFORMATION_FORMAT = dwarf;
				ENABLE_STRICT_OBJC_MSGSEND = YES;
				ENABLE_TESTABILITY = YES;
				ENABLE_USER_SCRIPT_SANDBOXING = YES;
				GCC_C_LANGUAGE_STANDARD = gnu17;
				GCC_DYNAMIC_NO_PIC = NO;
				GCC_NO_COMMON_BLOCKS = YES;
				GCC_OPTIMIZATION_LEVEL = 0;
				GCC_PREPROCESSOR_DEFINITIONS = (
					"DEBUG=1",
					"$(inherited)",
				);
				GCC_WARN_64_TO_32_BIT_CONVERSION = YES;
				GCC_WARN_ABOUT_RETURN_TYPE = YES_ERROR;
				GCC_WARN_UNDECLARED_SELECTOR = YES;
				GCC_WARN_UNINITIALIZED_AUTOS = YES_AGGRESSIVE;
				GCC_WARN_UNUSED_FUNCTION = YES;
				GCC_WARN_UNUSED_VARIABLE = YES;
				IPHONEOS_DEPLOYMENT_TARGET = 18.0;
				LOCALIZATION_PREFERS_STRING_CATALOGS = YES;
				MTL_ENABLE_DEBUG_INFO = INCLUDE_SOURCE;
				MTL_FAST_MATH = YES;
				ONLY_ACTIVE_ARCH = YES;
				SDKROOT = iphoneos;
				SWIFT_ACTIVE_COMPILATION_CONDITIONS = "DEBUG $(inherited)";
				SWIFT_OPTIMIZATION_LEVEL = "-Onone";
			};
			name = Debug;
		};
		6F4C49852C69EC1400399196 /* Release */ = {
			isa = XCBuildConfiguration;
			buildSettings = {
				ALWAYS_SEARCH_USER_PATHS = NO;
				ASSETCATALOG_COMPILER_GENERATE_SWIFT_ASSET_SYMBOL_EXTENSIONS = YES;
				CLANG_ANALYZER_NONNULL = YES;
				CLANG_ANALYZER_NUMBER_OBJECT_CONVERSION = YES_AGGRESSIVE;
				CLANG_CXX_LANGUAGE_STANDARD = "gnu++20";
				CLANG_ENABLE_MODULES = YES;
				CLANG_ENABLE_OBJC_ARC = YES;
				CLANG_ENABLE_OBJC_WEAK = YES;
				CLANG_WARN_BLOCK_CAPTURE_AUTORELEASING = YES;
				CLANG_WARN_BOOL_CONVERSION = YES;
				CLANG_WARN_COMMA = YES;
				CLANG_WARN_CONSTANT_CONVERSION = YES;
				CLANG_WARN_DEPRECATED_OBJC_IMPLEMENTATIONS = YES;
				CLANG_WARN_DIRECT_OBJC_ISA_USAGE = YES_ERROR;
				CLANG_WARN_DOCUMENTATION_COMMENTS = YES;
				CLANG_WARN_EMPTY_BODY = YES;
				CLANG_WARN_ENUM_CONVERSION = YES;
				CLANG_WARN_INFINITE_RECURSION = YES;
				CLANG_WARN_INT_CONVERSION = YES;
				CLANG_WARN_NON_LITERAL_NULL_CONVERSION = YES;
				CLANG_WARN_OBJC_IMPLICIT_RETAIN_SELF = YES;
				CLANG_WARN_OBJC_LITERAL_CONVERSION = YES;
				CLANG_WARN_OBJC_ROOT_CLASS = YES_ERROR;
				CLANG_WARN_QUOTED_INCLUDE_IN_FRAMEWORK_HEADER = YES;
				CLANG_WARN_RANGE_LOOP_ANALYSIS = YES;
				CLANG_WARN_STRICT_PROTOTYPES = YES;
				CLANG_WARN_SUSPICIOUS_MOVE = YES;
				CLANG_WARN_UNGUARDED_AVAILABILITY = YES_AGGRESSIVE;
				CLANG_WARN_UNREACHABLE_CODE = YES;
				CLANG_WARN__DUPLICATE_METHOD_MATCH = YES;
				COPY_PHASE_STRIP = NO;
				DEBUG_INFORMATION_FORMAT = "dwarf-with-dsym";
				ENABLE_NS_ASSERTIONS = NO;
				ENABLE_STRICT_OBJC_MSGSEND = YES;
				ENABLE_USER_SCRIPT_SANDBOXING = YES;
				GCC_C_LANGUAGE_STANDARD = gnu17;
				GCC_NO_COMMON_BLOCKS = YES;
				GCC_WARN_64_TO_32_BIT_CONVERSION = YES;
				GCC_WARN_ABOUT_RETURN_TYPE = YES_ERROR;
				GCC_WARN_UNDECLARED_SELECTOR = YES;
				GCC_WARN_UNINITIALIZED_AUTOS = YES_AGGRESSIVE;
				GCC_WARN_UNUSED_FUNCTION = YES;
				GCC_WARN_UNUSED_VARIABLE = YES;
				IPHONEOS_DEPLOYMENT_TARGET = 18.0;
				LOCALIZATION_PREFERS_STRING_CATALOGS = YES;
				MTL_ENABLE_DEBUG_INFO = NO;
				MTL_FAST_MATH = YES;
				SDKROOT = iphoneos;
				SWIFT_COMPILATION_MODE = wholemodule;
				VALIDATE_PRODUCT = YES;
			};
			name = Release;
		};
		6F4C49872C69EC1400399196 /* Debug */ = {
			isa = XCBuildConfiguration;
			buildSettings = {
				ASSETCATALOG_COMPILER_APPICON_NAME = AppIcon;
				ASSETCATALOG_COMPILER_GLOBAL_ACCENT_COLOR_NAME = AccentColor;
				CODE_SIGN_STYLE = Automatic;
				CURRENT_PROJECT_VERSION = 1;
				GENERATE_INFOPLIST_FILE = YES;
				INFOPLIST_FILE = MidtermTest/Info.plist;
				INFOPLIST_KEY_UIApplicationSupportsIndirectInputEvents = YES;
				INFOPLIST_KEY_UILaunchStoryboardName = LaunchScreen;
				INFOPLIST_KEY_UIMainStoryboardFile = Main;
				INFOPLIST_KEY_UISupportedInterfaceOrientations_iPad = "UIInterfaceOrientationPortrait UIInterfaceOrientationPortraitUpsideDown UIInterfaceOrientationLandscapeLeft UIInterfaceOrientationLandscapeRight";
				INFOPLIST_KEY_UISupportedInterfaceOrientations_iPhone = "UIInterfaceOrientationPortrait UIInterfaceOrientationLandscapeLeft UIInterfaceOrientationLandscapeRight";
				LD_RUNPATH_SEARCH_PATHS = (
					"$(inherited)",
					"@executable_path/Frameworks",
				);
				MARKETING_VERSION = 1.0;
				PRODUCT_BUNDLE_IDENTIFIER = Centertek.MidtermTest;
				PRODUCT_NAME = "$(TARGET_NAME)";
				SWIFT_EMIT_LOC_STRINGS = YES;
				SWIFT_VERSION = 5.0;
				TARGETED_DEVICE_FAMILY = "1,2";
			};
			name = Debug;
		};
		6F4C49882C69EC1400399196 /* Release */ = {
			isa = XCBuildConfiguration;
			buildSettings = {
				ASSETCATALOG_COMPILER_APPICON_NAME = AppIcon;
				ASSETCATALOG_COMPILER_GLOBAL_ACCENT_COLOR_NAME = AccentColor;
				CODE_SIGN_STYLE = Automatic;
				CURRENT_PROJECT_VERSION = 1;
				GENERATE_INFOPLIST_FILE = YES;
				INFOPLIST_FILE = MidtermTest/Info.plist;
				INFOPLIST_KEY_UIApplicationSupportsIndirectInputEvents = YES;
				INFOPLIST_KEY_UILaunchStoryboardName = LaunchScreen;
				INFOPLIST_KEY_UIMainStoryboardFile = Main;
				INFOPLIST_KEY_UISupportedInterfaceOrientations_iPad = "UIInterfaceOrientationPortrait UIInterfaceOrientationPortraitUpsideDown UIInterfaceOrientationLandscapeLeft UIInterfaceOrientationLandscapeRight";
				INFOPLIST_KEY_UISupportedInterfaceOrientations_iPhone = "UIInterfaceOrientationPortrait UIInterfaceOrientationLandscapeLeft UIInterfaceOrientationLandscapeRight";
				LD_RUNPATH_SEARCH_PATHS = (
					"$(inherited)",
					"@executable_path/Frameworks",
				);
				MARKETING_VERSION = 1.0;
				PRODUCT_BUNDLE_IDENTIFIER = Centertek.MidtermTest;
				PRODUCT_NAME = "$(TARGET_NAME)";
				SWIFT_EMIT_LOC_STRINGS = YES;
				SWIFT_VERSION = 5.0;
				TARGETED_DEVICE_FAMILY = "1,2";
			};
			name = Release;
		};
		6F4C498A2C69EC1400399196 /* Debug */ = {
			isa = XCBuildConfiguration;
			buildSettings = {
				BUNDLE_LOADER = "$(TEST_HOST)";
				CODE_SIGN_STYLE = Automatic;
				CURRENT_PROJECT_VERSION = 1;
				GENERATE_INFOPLIST_FILE = YES;
				IPHONEOS_DEPLOYMENT_TARGET = 18.0;
				MARKETING_VERSION = 1.0;
				PRODUCT_BUNDLE_IDENTIFIER = Centertek.MidtermTestTests;
				PRODUCT_NAME = "$(TARGET_NAME)";
				SWIFT_EMIT_LOC_STRINGS = NO;
				SWIFT_VERSION = 5.0;
				TARGETED_DEVICE_FAMILY = "1,2";
				TEST_HOST = "$(BUILT_PRODUCTS_DIR)/MidtermTest.app/$(BUNDLE_EXECUTABLE_FOLDER_PATH)/MidtermTest";
			};
			name = Debug;
		};
		6F4C498B2C69EC1400399196 /* Release */ = {
			isa = XCBuildConfiguration;
			buildSettings = {
				BUNDLE_LOADER = "$(TEST_HOST)";
				CODE_SIGN_STYLE = Automatic;
				CURRENT_PROJECT_VERSION = 1;
				GENERATE_INFOPLIST_FILE = YES;
				IPHONEOS_DEPLOYMENT_TARGET = 18.0;
				MARKETING_VERSION = 1.0;
				PRODUCT_BUNDLE_IDENTIFIER = Centertek.MidtermTestTests;
				PRODUCT_NAME = "$(TARGET_NAME)";
				SWIFT_EMIT_LOC_STRINGS = NO;
				SWIFT_VERSION = 5.0;
				TARGETED_DEVICE_FAMILY = "1,2";
				TEST_HOST = "$(BUILT_PRODUCTS_DIR)/MidtermTest.app/$(BUNDLE_EXECUTABLE_FOLDER_PATH)/MidtermTest";
			};
			name = Release;
		};
		6F4C498D2C69EC1400399196 /* Debug */ = {
			isa = XCBuildConfiguration;
			buildSettings = {
				CODE_SIGN_STYLE = Automatic;
				CURRENT_PROJECT_VERSION = 1;
				GENERATE_INFOPLIST_FILE = YES;
				MARKETING_VERSION = 1.0;
				PRODUCT_BUNDLE_IDENTIFIER = Centertek.MidtermTestUITests;
				PRODUCT_NAME = "$(TARGET_NAME)";
				SWIFT_EMIT_LOC_STRINGS = NO;
				SWIFT_VERSION = 5.0;
				TARGETED_DEVICE_FAMILY = "1,2";
				TEST_TARGET_NAME = MidtermTest;
			};
			name = Debug;
		};
		6F4C498E2C69EC1400399196 /* Release */ = {
			isa = XCBuildConfiguration;
			buildSettings = {
				CODE_SIGN_STYLE = Automatic;
				CURRENT_PROJECT_VERSION = 1;
				GENERATE_INFOPLIST_FILE = YES;
				MARKETING_VERSION = 1.0;
				PRODUCT_BUNDLE_IDENTIFIER = Centertek.MidtermTestUITests;
				PRODUCT_NAME = "$(TARGET_NAME)";
				SWIFT_EMIT_LOC_STRINGS = NO;
				SWIFT_VERSION = 5.0;
				TARGETED_DEVICE_FAMILY = "1,2";
				TEST_TARGET_NAME = MidtermTest;
			};
			name = Release;
		};
/* End XCBuildConfiguration section */

/* Begin XCConfigurationList section */
		6F4C49572C69EC1300399196 /* Build configuration list for PBXProject "MidtermTest" */ = {
			isa = XCConfigurationList;
			buildConfigurations = (
				6F4C49842C69EC1400399196 /* Debug */,
				6F4C49852C69EC1400399196 /* Release */,
			);
			defaultConfigurationIsVisible = 0;
			defaultConfigurationName = Release;
		};
		6F4C49862C69EC1400399196 /* Build configuration list for PBXNativeTarget "MidtermTest" */ = {
			isa = XCConfigurationList;
			buildConfigurations = (
				6F4C49872C69EC1400399196 /* Debug */,
				6F4C49882C69EC1400399196 /* Release */,
			);
			defaultConfigurationIsVisible = 0;
			defaultConfigurationName = Release;
		};
		6F4C49892C69EC1400399196 /* Build configuration list for PBXNativeTarget "MidtermTestTests" */ = {
			isa = XCConfigurationList;
			buildConfigurations = (
				6F4C498A2C69EC1400399196 /* Debug */,
				6F4C498B2C69EC1400399196 /* Release */,
			);
			defaultConfigurationIsVisible = 0;
			defaultConfigurationName = Release;
		};
		6F4C498C2C69EC1400399196 /* Build configuration list for PBXNativeTarget "MidtermTestUITests" */ = {
			isa = XCConfigurationList;
			buildConfigurations = (
				6F4C498D2C69EC1400399196 /* Debug */,
				6F4C498E2C69EC1400399196 /* Release */,
			);
			defaultConfigurationIsVisible = 0;
			defaultConfigurationName = Release;
		};
/* End XCConfigurationList section */
	};
	rootObject = 6F4C49542C69EC1300399196 /* Project object */;
}
